
Microsoft Visual Studio Solution File, Format Version 12.00
# Visual Studio 15
VisualStudioVersion = 15.0.27130.2027
MinimumVisualStudioVersion = 10.0.40219.1
Project("{FAE04EC0-301F-11D3-BF4B-00C04F79EFBC}") = "DarkCockpitDAL.NetFramework.ConsoleApp", "DarkCockpitDAL.NetFramework.ConsoleApp\DarkCockpitDAL.NetFramework.ConsoleApp.csproj", "{738BECD6-5CB7-4778-A6B2-E03ABB8C4C06}"
EndProject
Project("{9A19103F-16F7-4668-BE54-9A1E7A4F7556}") = "DarkCockpitDAL", "DarkCockpitDAL\DarkCockpitDAL.csproj", "{12064905-B703-4FC0-B0D6-933EAD0AAED9}"
EndProject
Project("{9A19103F-16F7-4668-BE54-9A1E7A4F7556}") = "DarkCockpitDAL.Core", "DarkCockpitDAL.Core\DarkCockpitDAL.Core.csproj", "{3A73498D-4F9A-4E8B-A767-8FC2810065AF}"
EndProject
Project("{9A19103F-16F7-4668-BE54-9A1E7A4F7556}") = "DarkCockpitDAL.DotNetCore.ConsoleApp", "DarkCockpitDAL.DotNetCore.ConsoleApp\DarkCockpitDAL.DotNetCore.ConsoleApp.csproj", "{8A61C6A1-7A1F-4783-A83B-312A02CD6BAB}"
EndProject
Global
	GlobalSection(SolutionConfigurationPlatforms) = preSolution
		Debug|Any CPU = Debug|Any CPU
		Release|Any CPU = Release|Any CPU
	EndGlobalSection
	GlobalSection(ProjectConfigurationPlatforms) = postSolution
		{738BECD6-5CB7-4778-A6B2-E03ABB8C4C06}.Debug|Any CPU.ActiveCfg = Debug|Any CPU
		{738BECD6-5CB7-4778-A6B2-E03ABB8C4C06}.Debug|Any CPU.Build.0 = Debug|Any CPU
		{738BECD6-5CB7-4778-A6B2-E03ABB8C4C06}.Release|Any CPU.ActiveCfg = Release|Any CPU
		{738BECD6-5CB7-4778-A6B2-E03ABB8C4C06}.Release|Any CPU.Build.0 = Release|Any CPU
		{12064905-B703-4FC0-B0D6-933EAD0AAED9}.Debug|Any CPU.ActiveCfg = Debug|Any CPU
		{12064905-B703-4FC0-B0D6-933EAD0AAED9}.Debug|Any CPU.Build.0 = Debug|Any CPU
		{12064905-B703-4FC0-B0D6-933EAD0AAED9}.Release|Any CPU.ActiveCfg = Release|Any CPU
		{12064905-B703-4FC0-B0D6-933EAD0AAED9}.Release|Any CPU.Build.0 = Release|Any CPU
		{3A73498D-4F9A-4E8B-A767-8FC2810065AF}.Debug|Any CPU.ActiveCfg = Debug|Any CPU
		{3A73498D-4F9A-4E8B-A767-8FC2810065AF}.Debug|Any CPU.Build.0 = Debug|Any CPU
		{3A73498D-4F9A-4E8B-A767-8FC2810065AF}.Release|Any CPU.ActiveCfg = Release|Any CPU
		{3A73498D-4F9A-4E8B-A767-8FC2810065AF}.Release|Any CPU.Build.0 = Release|Any CPU
		{8A61C6A1-7A1F-4783-A83B-312A02CD6BAB}.Debug|Any CPU.ActiveCfg = Debug|Any CPU
		{8A61C6A1-7A1F-4783-A83B-312A02CD6BAB}.Debug|Any CPU.Build.0 = Debug|Any CPU
		{8A61C6A1-7A1F-4783-A83B-312A02CD6BAB}.Release|Any CPU.ActiveCfg = Release|Any CPU
	EndGlobalSection
	GlobalSection(SolutionProperties) = preSolution
		HideSolutionNode = FALSE
	EndGlobalSection
	GlobalSection(ExtensibilityGlobals) = postSolution
		SolutionGuid = {732AE82B-48DA-47DA-B9C2-CEC882F492CF}
	EndGlobalSection
EndGlobal
